// !$*UTF8*$!
{
	archiveVersion = 1;
	classes = {
	};
	objectVersion = 46;
	objects = {

/* Begin PBXBuildFile section */
		033EB972193EA367006704FA /* AppDelegate.swift in Sources */ = {isa = PBXBuildFile; fileRef = 033EB971193EA367006704FA /* AppDelegate.swift */; };
		033EB974193EA367006704FA /* PreinstalledViewController.swift in Sources */ = {isa = PBXBuildFile; fileRef = 033EB973193EA367006704FA /* PreinstalledViewController.swift */; };
		033EB977193EA367006704FA /* Main.storyboard in Resources */ = {isa = PBXBuildFile; fileRef = 033EB975193EA367006704FA /* Main.storyboard */; };
		033EB979193EA367006704FA /* Images.xcassets in Resources */ = {isa = PBXBuildFile; fileRef = 033EB978193EA367006704FA /* Images.xcassets */; };
		033EB985193EA367006704FA /* PreinstalledFontsTests.swift in Sources */ = {isa = PBXBuildFile; fileRef = 033EB984193EA367006704FA /* PreinstalledFontsTests.swift */; };
		3B2A7E1122CFEAB700F7135B /* DownloadableViewController.swift in Sources */ = {isa = PBXBuildFile; fileRef = 3B2A7E1022CFEAB700F7135B /* DownloadableViewController.swift */; };
		3B2A7E1322CFEABF00F7135B /* GoogleViewController.swift in Sources */ = {isa = PBXBuildFile; fileRef = 3B2A7E1222CFEABF00F7135B /* GoogleViewController.swift */; };
		3B2A7E1522CFEC8700F7135B /* CodeGenerator.swift in Sources */ = {isa = PBXBuildFile; fileRef = 3B2A7E1422CFEC8700F7135B /* CodeGenerator.swift */; };
		3B2A7E1722CFFC4F00F7135B /* DownloadableFont.swift in Sources */ = {isa = PBXBuildFile; fileRef = 3B2A7E1622CFFC4F00F7135B /* DownloadableFont.swift */; };
		3B2A7E1922CFFC8C00F7135B /* UIFont+DownloadableFont.swift in Sources */ = {isa = PBXBuildFile; fileRef = 3B2A7E1822CFFC8C00F7135B /* UIFont+DownloadableFont.swift */; };
		3B2A7E1E22D0199800F7135B /* Cached.swift in Sources */ = {isa = PBXBuildFile; fileRef = 3B2A7E1D22D0199800F7135B /* Cached.swift */; };
		3B2A7E2022D019A800F7135B /* StringExtensions.swift in Sources */ = {isa = PBXBuildFile; fileRef = 3B2A7E1F22D019A800F7135B /* StringExtensions.swift */; };
		3B2A7E2222D01A7B00F7135B /* Configs.swift in Sources */ = {isa = PBXBuildFile; fileRef = 3B2A7E2122D01A7B00F7135B /* Configs.swift */; };
		3B2A7E2422D01E2D00F7135B /* Fonts.json in Resources */ = {isa = PBXBuildFile; fileRef = 3B2A7E2322D01E2D00F7135B /* Fonts.json */; };
		3B3FD15A22CE7CC9000F0023 /* DefaultSizes.swift in Sources */ = {isa = PBXBuildFile; fileRef = 3B3FD15722CE7CC9000F0023 /* DefaultSizes.swift */; };
		3B3FD15C22CE7CC9000F0023 /* FontRepresentable.swift in Sources */ = {isa = PBXBuildFile; fileRef = 3B3FD15922CE7CC9000F0023 /* FontRepresentable.swift */; };
		3B3FD15F22CE7D91000F0023 /* PreinstalledFontsCodeGenerator.swift in Sources */ = {isa = PBXBuildFile; fileRef = 3B3FD15E22CE7D91000F0023 /* PreinstalledFontsCodeGenerator.swift */; };
		3B3FD25B22CEE958000F0023 /* UIFont+FontRepresentable.swift in Sources */ = {isa = PBXBuildFile; fileRef = 3B3FD25A22CEE958000F0023 /* UIFont+FontRepresentable.swift */; };
		3B67E4D822CEEBCE003A4603 /* PreinstalledFonts.swift in Sources */ = {isa = PBXBuildFile; fileRef = 3B3FD15822CE7CC9000F0023 /* PreinstalledFonts.swift */; };
		3B67E4DA22CEEF1D003A4603 /* Fonts.swift in Sources */ = {isa = PBXBuildFile; fileRef = 3B67E4D922CEEF1D003A4603 /* Fonts.swift */; };
		3B67E4E022CEF2AE003A4603 /* DownloadableFontsCodeGenerator.swift in Sources */ = {isa = PBXBuildFile; fileRef = 3B67E4DF22CEF2AE003A4603 /* DownloadableFontsCodeGenerator.swift */; };
		3B67E4E422CEF2CD003A4603 /* GoogleFontsCodeGenerator.swift in Sources */ = {isa = PBXBuildFile; fileRef = 3B67E4E322CEF2CD003A4603 /* GoogleFontsCodeGenerator.swift */; };
		3B67E4E622CEF2D4003A4603 /* GoogleFonts.swift in Sources */ = {isa = PBXBuildFile; fileRef = 3B67E4E522CEF2D4003A4603 /* GoogleFonts.swift */; };
		3B67E4E822CEFD76003A4603 /* DownloadableFontsTests.swift in Sources */ = {isa = PBXBuildFile; fileRef = 3B67E4E722CEFD76003A4603 /* DownloadableFontsTests.swift */; };
		3B67E4EA22CEFDC5003A4603 /* GoogleFontsTests.swift in Sources */ = {isa = PBXBuildFile; fileRef = 3B67E4E922CEFDC5003A4603 /* GoogleFontsTests.swift */; };
/* End PBXBuildFile section */

/* Begin PBXContainerItemProxy section */
		033EB97F193EA367006704FA /* PBXContainerItemProxy */ = {
			isa = PBXContainerItemProxy;
			containerPortal = 033EB964193EA367006704FA /* Project object */;
			proxyType = 1;
			remoteGlobalIDString = 033EB96B193EA367006704FA;
			remoteInfo = SwiftFonts;
		};
/* End PBXContainerItemProxy section */

/* Begin PBXFileReference section */
		033EB96C193EA367006704FA /* SwiftFonts.app */ = {isa = PBXFileReference; explicitFileType = wrapper.application; includeInIndex = 0; path = SwiftFonts.app; sourceTree = BUILT_PRODUCTS_DIR; };
		033EB970193EA367006704FA /* Info.plist */ = {isa = PBXFileReference; lastKnownFileType = text.plist.xml; path = Info.plist; sourceTree = "<group>"; };
		033EB971193EA367006704FA /* AppDelegate.swift */ = {isa = PBXFileReference; lastKnownFileType = sourcecode.swift; path = AppDelegate.swift; sourceTree = "<group>"; };
		033EB973193EA367006704FA /* PreinstalledViewController.swift */ = {isa = PBXFileReference; lastKnownFileType = sourcecode.swift; path = PreinstalledViewController.swift; sourceTree = "<group>"; };
		033EB976193EA367006704FA /* Base */ = {isa = PBXFileReference; lastKnownFileType = file.storyboard; name = Base; path = Base.lproj/Main.storyboard; sourceTree = "<group>"; };
		033EB978193EA367006704FA /* Images.xcassets */ = {isa = PBXFileReference; lastKnownFileType = folder.assetcatalog; path = Images.xcassets; sourceTree = "<group>"; };
		033EB97E193EA367006704FA /* SwiftFontsTests.xctest */ = {isa = PBXFileReference; explicitFileType = wrapper.cfbundle; includeInIndex = 0; path = SwiftFontsTests.xctest; sourceTree = BUILT_PRODUCTS_DIR; };
		033EB983193EA367006704FA /* Info.plist */ = {isa = PBXFileReference; lastKnownFileType = text.plist.xml; path = Info.plist; sourceTree = "<group>"; };
		033EB984193EA367006704FA /* PreinstalledFontsTests.swift */ = {isa = PBXFileReference; lastKnownFileType = sourcecode.swift; path = PreinstalledFontsTests.swift; sourceTree = "<group>"; };
		3B2A7E1022CFEAB700F7135B /* DownloadableViewController.swift */ = {isa = PBXFileReference; lastKnownFileType = sourcecode.swift; path = DownloadableViewController.swift; sourceTree = "<group>"; };
		3B2A7E1222CFEABF00F7135B /* GoogleViewController.swift */ = {isa = PBXFileReference; lastKnownFileType = sourcecode.swift; path = GoogleViewController.swift; sourceTree = "<group>"; };
		3B2A7E1422CFEC8700F7135B /* CodeGenerator.swift */ = {isa = PBXFileReference; lastKnownFileType = sourcecode.swift; path = CodeGenerator.swift; sourceTree = "<group>"; };
		3B2A7E1622CFFC4F00F7135B /* DownloadableFont.swift */ = {isa = PBXFileReference; lastKnownFileType = sourcecode.swift; path = DownloadableFont.swift; sourceTree = "<group>"; };
		3B2A7E1822CFFC8C00F7135B /* UIFont+DownloadableFont.swift */ = {isa = PBXFileReference; lastKnownFileType = sourcecode.swift; path = "UIFont+DownloadableFont.swift"; sourceTree = "<group>"; };
		3B2A7E1D22D0199800F7135B /* Cached.swift */ = {isa = PBXFileReference; lastKnownFileType = sourcecode.swift; path = Cached.swift; sourceTree = "<group>"; };
		3B2A7E1F22D019A800F7135B /* StringExtensions.swift */ = {isa = PBXFileReference; lastKnownFileType = sourcecode.swift; path = StringExtensions.swift; sourceTree = "<group>"; };
		3B2A7E2122D01A7B00F7135B /* Configs.swift */ = {isa = PBXFileReference; lastKnownFileType = sourcecode.swift; path = Configs.swift; sourceTree = "<group>"; };
		3B2A7E2322D01E2D00F7135B /* Fonts.json */ = {isa = PBXFileReference; lastKnownFileType = text.json; path = Fonts.json; sourceTree = "<group>"; };
		3B3FD15722CE7CC9000F0023 /* DefaultSizes.swift */ = {isa = PBXFileReference; fileEncoding = 4; lastKnownFileType = sourcecode.swift; path = DefaultSizes.swift; sourceTree = "<group>"; };
		3B3FD15822CE7CC9000F0023 /* PreinstalledFonts.swift */ = {isa = PBXFileReference; fileEncoding = 4; lastKnownFileType = sourcecode.swift; path = PreinstalledFonts.swift; sourceTree = "<group>"; };
		3B3FD15922CE7CC9000F0023 /* FontRepresentable.swift */ = {isa = PBXFileReference; fileEncoding = 4; lastKnownFileType = sourcecode.swift; path = FontRepresentable.swift; sourceTree = "<group>"; };
		3B3FD15E22CE7D91000F0023 /* PreinstalledFontsCodeGenerator.swift */ = {isa = PBXFileReference; lastKnownFileType = sourcecode.swift; path = PreinstalledFontsCodeGenerator.swift; sourceTree = "<group>"; };
		3B3FD25A22CEE958000F0023 /* UIFont+FontRepresentable.swift */ = {isa = PBXFileReference; lastKnownFileType = sourcecode.swift; path = "UIFont+FontRepresentable.swift"; sourceTree = "<group>"; };
		3B67E4D922CEEF1D003A4603 /* Fonts.swift */ = {isa = PBXFileReference; lastKnownFileType = sourcecode.swift; path = Fonts.swift; sourceTree = "<group>"; };
		3B67E4DF22CEF2AE003A4603 /* DownloadableFontsCodeGenerator.swift */ = {isa = PBXFileReference; lastKnownFileType = sourcecode.swift; path = DownloadableFontsCodeGenerator.swift; sourceTree = "<group>"; };
		3B67E4E122CEF2B9003A4603 /* DownloadableFonts.swift */ = {isa = PBXFileReference; lastKnownFileType = sourcecode.swift; path = DownloadableFonts.swift; sourceTree = "<group>"; };
		3B67E4E322CEF2CD003A4603 /* GoogleFontsCodeGenerator.swift */ = {isa = PBXFileReference; lastKnownFileType = sourcecode.swift; path = GoogleFontsCodeGenerator.swift; sourceTree = "<group>"; };
		3B67E4E522CEF2D4003A4603 /* GoogleFonts.swift */ = {isa = PBXFileReference; lastKnownFileType = sourcecode.swift; path = GoogleFonts.swift; sourceTree = "<group>"; };
		3B67E4E722CEFD76003A4603 /* DownloadableFontsTests.swift */ = {isa = PBXFileReference; lastKnownFileType = sourcecode.swift; path = DownloadableFontsTests.swift; sourceTree = "<group>"; };
		3B67E4E922CEFDC5003A4603 /* GoogleFontsTests.swift */ = {isa = PBXFileReference; lastKnownFileType = sourcecode.swift; path = GoogleFontsTests.swift; sourceTree = "<group>"; };
/* End PBXFileReference section */

/* Begin PBXFrameworksBuildPhase section */
		033EB969193EA367006704FA /* Frameworks */ = {
			isa = PBXFrameworksBuildPhase;
			buildActionMask = 2147483647;
			files = (
			);
			runOnlyForDeploymentPostprocessing = 0;
		};
		033EB97B193EA367006704FA /* Frameworks */ = {
			isa = PBXFrameworksBuildPhase;
			buildActionMask = 2147483647;
			files = (
			);
			runOnlyForDeploymentPostprocessing = 0;
		};
/* End PBXFrameworksBuildPhase section */

/* Begin PBXGroup section */
		033EB963193EA367006704FA = {
			isa = PBXGroup;
			children = (
				033EB96E193EA367006704FA /* SwiftFonts */,
				033EB981193EA367006704FA /* SwiftFontsTests */,
				033EB96D193EA367006704FA /* Products */,
			);
			sourceTree = "<group>";
		};
		033EB96D193EA367006704FA /* Products */ = {
			isa = PBXGroup;
			children = (
				033EB96C193EA367006704FA /* SwiftFonts.app */,
				033EB97E193EA367006704FA /* SwiftFontsTests.xctest */,
			);
			name = Products;
			sourceTree = "<group>";
		};
		033EB96E193EA367006704FA /* SwiftFonts */ = {
			isa = PBXGroup;
			children = (
				033EB971193EA367006704FA /* AppDelegate.swift */,
				3B2A7E1022CFEAB700F7135B /* DownloadableViewController.swift */,
				3B2A7E1222CFEABF00F7135B /* GoogleViewController.swift */,
				033EB973193EA367006704FA /* PreinstalledViewController.swift */,
				033EB978193EA367006704FA /* Images.xcassets */,
				033EB975193EA367006704FA /* Main.storyboard */,
				3B3FD15622CE7CBD000F0023 /* Sources */,
				033EB96F193EA367006704FA /* Supporting Files */,
			);
			path = SwiftFonts;
			sourceTree = "<group>";
		};
		033EB96F193EA367006704FA /* Supporting Files */ = {
			isa = PBXGroup;
			children = (
				033EB970193EA367006704FA /* Info.plist */,
			);
			name = "Supporting Files";
			sourceTree = "<group>";
		};
		033EB981193EA367006704FA /* SwiftFontsTests */ = {
			isa = PBXGroup;
			children = (
				3B2A7E2122D01A7B00F7135B /* Configs.swift */,
				3B67E4E722CEFD76003A4603 /* DownloadableFontsTests.swift */,
				3B67E4E922CEFDC5003A4603 /* GoogleFontsTests.swift */,
				033EB984193EA367006704FA /* PreinstalledFontsTests.swift */,
				033EB982193EA367006704FA /* Supporting Files */,
			);
			path = SwiftFontsTests;
			sourceTree = "<group>";
		};
		033EB982193EA367006704FA /* Supporting Files */ = {
			isa = PBXGroup;
			children = (
				033EB983193EA367006704FA /* Info.plist */,
			);
			name = "Supporting Files";
			sourceTree = "<group>";
		};
		3B3FD15522CE7C96000F0023 /* CodeGen */ = {
			isa = PBXGroup;
			children = (
				3B2A7E1422CFEC8700F7135B /* CodeGenerator.swift */,
				3B2A7E2322D01E2D00F7135B /* Fonts.json */,
				3B67E4DD22CEF28D003A4603 /* Downloadable */,
				3B67E4DE22CEF296003A4603 /* GoogleFonts */,
				3B67E4DB22CEF278003A4603 /* Preinstalled */,
			);
			path = CodeGen;
			sourceTree = "<group>";
		};
		3B3FD15622CE7CBD000F0023 /* Sources */ = {
			isa = PBXGroup;
			children = (
				3B2A7E1D22D0199800F7135B /* Cached.swift */,
				3B3FD15722CE7CC9000F0023 /* DefaultSizes.swift */,
				3B2A7E1622CFFC4F00F7135B /* DownloadableFont.swift */,
				3B3FD15922CE7CC9000F0023 /* FontRepresentable.swift */,
				3B67E4D922CEEF1D003A4603 /* Fonts.swift */,
				3B2A7E1F22D019A800F7135B /* StringExtensions.swift */,
				3B2A7E1822CFFC8C00F7135B /* UIFont+DownloadableFont.swift */,
				3B3FD25A22CEE958000F0023 /* UIFont+FontRepresentable.swift */,
				3B3FD15522CE7C96000F0023 /* CodeGen */,
			);
			path = Sources;
			sourceTree = "<group>";
		};
		3B67E4DB22CEF278003A4603 /* Preinstalled */ = {
			isa = PBXGroup;
			children = (
				3B3FD15822CE7CC9000F0023 /* PreinstalledFonts.swift */,
				3B3FD15E22CE7D91000F0023 /* PreinstalledFontsCodeGenerator.swift */,
			);
			name = Preinstalled;
			sourceTree = "<group>";
		};
		3B67E4DD22CEF28D003A4603 /* Downloadable */ = {
			isa = PBXGroup;
			children = (
				3B67E4E122CEF2B9003A4603 /* DownloadableFonts.swift */,
				3B67E4DF22CEF2AE003A4603 /* DownloadableFontsCodeGenerator.swift */,
			);
			name = Downloadable;
			sourceTree = "<group>";
		};
		3B67E4DE22CEF296003A4603 /* GoogleFonts */ = {
			isa = PBXGroup;
			children = (
				3B67E4E522CEF2D4003A4603 /* GoogleFonts.swift */,
				3B67E4E322CEF2CD003A4603 /* GoogleFontsCodeGenerator.swift */,
			);
			name = GoogleFonts;
			sourceTree = "<group>";
		};
/* End PBXGroup section */

/* Begin PBXNativeTarget section */
		033EB96B193EA367006704FA /* SwiftFonts */ = {
			isa = PBXNativeTarget;
			buildConfigurationList = 033EB988193EA367006704FA /* Build configuration list for PBXNativeTarget "SwiftFonts" */;
			buildPhases = (
				033EB968193EA367006704FA /* Sources */,
				033EB969193EA367006704FA /* Frameworks */,
				033EB96A193EA367006704FA /* Resources */,
			);
			buildRules = (
			);
			dependencies = (
			);
			name = SwiftFonts;
			productName = SwiftFonts;
			productReference = 033EB96C193EA367006704FA /* SwiftFonts.app */;
			productType = "com.apple.product-type.application";
		};
		033EB97D193EA367006704FA /* SwiftFontsTests */ = {
			isa = PBXNativeTarget;
			buildConfigurationList = 033EB98B193EA367006704FA /* Build configuration list for PBXNativeTarget "SwiftFontsTests" */;
			buildPhases = (
				033EB97A193EA367006704FA /* Sources */,
				033EB97B193EA367006704FA /* Frameworks */,
				033EB97C193EA367006704FA /* Resources */,
			);
			buildRules = (
			);
			dependencies = (
				033EB980193EA367006704FA /* PBXTargetDependency */,
			);
			name = SwiftFontsTests;
			productName = SwiftFontsTests;
			productReference = 033EB97E193EA367006704FA /* SwiftFontsTests.xctest */;
			productType = "com.apple.product-type.bundle.unit-test";
		};
/* End PBXNativeTarget section */

/* Begin PBXProject section */
		033EB964193EA367006704FA /* Project object */ = {
			isa = PBXProject;
			attributes = {
				LastUpgradeCheck = 1100;
				ORGANIZATIONNAME = "";
				TargetAttributes = {
					033EB96B193EA367006704FA = {
						CreatedOnToolsVersion = 6.0;
						DevelopmentTeam = 76AP3T3TSD;
					};
					033EB97D193EA367006704FA = {
						CreatedOnToolsVersion = 6.0;
						TestTargetID = 033EB96B193EA367006704FA;
					};
				};
			};
			buildConfigurationList = 033EB967193EA367006704FA /* Build configuration list for PBXProject "SwiftFonts" */;
			compatibilityVersion = "Xcode 3.2";
			developmentRegion = en;
			hasScannedForEncodings = 0;
			knownRegions = (
				en,
				Base,
			);
			mainGroup = 033EB963193EA367006704FA;
			productRefGroup = 033EB96D193EA367006704FA /* Products */;
			projectDirPath = "";
			projectRoot = "";
			targets = (
				033EB96B193EA367006704FA /* SwiftFonts */,
				033EB97D193EA367006704FA /* SwiftFontsTests */,
			);
		};
/* End PBXProject section */

/* Begin PBXResourcesBuildPhase section */
		033EB96A193EA367006704FA /* Resources */ = {
			isa = PBXResourcesBuildPhase;
			buildActionMask = 2147483647;
			files = (
				3B2A7E2422D01E2D00F7135B /* Fonts.json in Resources */,
				033EB977193EA367006704FA /* Main.storyboard in Resources */,
				033EB979193EA367006704FA /* Images.xcassets in Resources */,
			);
			runOnlyForDeploymentPostprocessing = 0;
		};
		033EB97C193EA367006704FA /* Resources */ = {
			isa = PBXResourcesBuildPhase;
			buildActionMask = 2147483647;
			files = (
			);
			runOnlyForDeploymentPostprocessing = 0;
		};
/* End PBXResourcesBuildPhase section */

/* Begin PBXSourcesBuildPhase section */
		033EB968193EA367006704FA /* Sources */ = {
			isa = PBXSourcesBuildPhase;
			buildActionMask = 2147483647;
			files = (
				3B67E4DA22CEEF1D003A4603 /* Fonts.swift in Sources */,
				3B3FD15A22CE7CC9000F0023 /* DefaultSizes.swift in Sources */,
				3B67E4E622CEF2D4003A4603 /* GoogleFonts.swift in Sources */,
				3B2A7E1E22D0199800F7135B /* Cached.swift in Sources */,
				3B2A7E1922CFFC8C00F7135B /* UIFont+DownloadableFont.swift in Sources */,
				3B2A7E1722CFFC4F00F7135B /* DownloadableFont.swift in Sources */,
				3B67E4E422CEF2CD003A4603 /* GoogleFontsCodeGenerator.swift in Sources */,
				3B2A7E1322CFEABF00F7135B /* GoogleViewController.swift in Sources */,
				3B67E4E022CEF2AE003A4603 /* DownloadableFontsCodeGenerator.swift in Sources */,
				033EB974193EA367006704FA /* PreinstalledViewController.swift in Sources */,
				3B3FD15F22CE7D91000F0023 /* PreinstalledFontsCodeGenerator.swift in Sources */,
				033EB972193EA367006704FA /* AppDelegate.swift in Sources */,
				3B2A7E2022D019A800F7135B /* StringExtensions.swift in Sources */,
				3B2A7E1122CFEAB700F7135B /* DownloadableViewController.swift in Sources */,
				3B3FD25B22CEE958000F0023 /* UIFont+FontRepresentable.swift in Sources */,
				3B2A7E1522CFEC8700F7135B /* CodeGenerator.swift in Sources */,
				3B67E4D822CEEBCE003A4603 /* PreinstalledFonts.swift in Sources */,
				3B3FD15C22CE7CC9000F0023 /* FontRepresentable.swift in Sources */,
			);
			runOnlyForDeploymentPostprocessing = 0;
		};
		033EB97A193EA367006704FA /* Sources */ = {
			isa = PBXSourcesBuildPhase;
			buildActionMask = 2147483647;
			files = (
				3B67E4E822CEFD76003A4603 /* DownloadableFontsTests.swift in Sources */,
				3B2A7E2222D01A7B00F7135B /* Configs.swift in Sources */,
				3B67E4EA22CEFDC5003A4603 /* GoogleFontsTests.swift in Sources */,
				033EB985193EA367006704FA /* PreinstalledFontsTests.swift in Sources */,
			);
			runOnlyForDeploymentPostprocessing = 0;
		};
/* End PBXSourcesBuildPhase section */

/* Begin PBXTargetDependency section */
		033EB980193EA367006704FA /* PBXTargetDependency */ = {
			isa = PBXTargetDependency;
			target = 033EB96B193EA367006704FA /* SwiftFonts */;
			targetProxy = 033EB97F193EA367006704FA /* PBXContainerItemProxy */;
		};
/* End PBXTargetDependency section */

/* Begin PBXVariantGroup section */
		033EB975193EA367006704FA /* Main.storyboard */ = {
			isa = PBXVariantGroup;
			children = (
				033EB976193EA367006704FA /* Base */,
			);
			name = Main.storyboard;
			sourceTree = "<group>";
		};
/* End PBXVariantGroup section */

/* Begin XCBuildConfiguration section */
		033EB986193EA367006704FA /* Debug */ = {
			isa = XCBuildConfiguration;
			buildSettings = {
				ALWAYS_SEARCH_USER_PATHS = NO;
				CLANG_CXX_LANGUAGE_STANDARD = "gnu++0x";
				CLANG_CXX_LIBRARY = "libc++";
				CLANG_ENABLE_MODULES = YES;
				CLANG_ENABLE_OBJC_ARC = YES;
				CLANG_WARN_BLOCK_CAPTURE_AUTORELEASING = YES;
				CLANG_WARN_BOOL_CONVERSION = YES;
				CLANG_WARN_COMMA = YES;
				CLANG_WARN_CONSTANT_CONVERSION = YES;
				CLANG_WARN_DEPRECATED_OBJC_IMPLEMENTATIONS = YES;
				CLANG_WARN_DIRECT_OBJC_ISA_USAGE = YES_ERROR;
				CLANG_WARN_EMPTY_BODY = YES;
				CLANG_WARN_ENUM_CONVERSION = YES;
				CLANG_WARN_INFINITE_RECURSION = YES;
				CLANG_WARN_INT_CONVERSION = YES;
				CLANG_WARN_NON_LITERAL_NULL_CONVERSION = YES;
				CLANG_WARN_OBJC_IMPLICIT_RETAIN_SELF = YES;
				CLANG_WARN_OBJC_LITERAL_CONVERSION = YES;
				CLANG_WARN_OBJC_ROOT_CLASS = YES_ERROR;
				CLANG_WARN_RANGE_LOOP_ANALYSIS = YES;
				CLANG_WARN_STRICT_PROTOTYPES = YES;
				CLANG_WARN_SUSPICIOUS_MOVE = YES;
				CLANG_WARN_UNREACHABLE_CODE = YES;
				CLANG_WARN__DUPLICATE_METHOD_MATCH = YES;
				"CODE_SIGN_IDENTITY[sdk=iphoneos*]" = "iPhone Developer";
				COPY_PHASE_STRIP = NO;
				ENABLE_STRICT_OBJC_MSGSEND = YES;
				ENABLE_TESTABILITY = YES;
				GCC_C_LANGUAGE_STANDARD = gnu99;
				GCC_DYNAMIC_NO_PIC = NO;
				GCC_NO_COMMON_BLOCKS = YES;
				GCC_OPTIMIZATION_LEVEL = 0;
				GCC_PREPROCESSOR_DEFINITIONS = (
					"DEBUG=1",
					"$(inherited)",
				);
				GCC_SYMBOLS_PRIVATE_EXTERN = NO;
				GCC_WARN_64_TO_32_BIT_CONVERSION = YES;
				GCC_WARN_ABOUT_RETURN_TYPE = YES_ERROR;
				GCC_WARN_UNDECLARED_SELECTOR = YES;
				GCC_WARN_UNINITIALIZED_AUTOS = YES_AGGRESSIVE;
				GCC_WARN_UNUSED_FUNCTION = YES;
				GCC_WARN_UNUSED_VARIABLE = YES;
				IPHONEOS_DEPLOYMENT_TARGET = 8.0;
				METAL_ENABLE_DEBUG_INFO = YES;
				ONLY_ACTIVE_ARCH = YES;
				SDKROOT = iphoneos;
				SWIFT_OPTIMIZATION_LEVEL = "-Onone";
			};
			name = Debug;
		};
		033EB987193EA367006704FA /* Release */ = {
			isa = XCBuildConfiguration;
			buildSettings = {
				ALWAYS_SEARCH_USER_PATHS = NO;
				CLANG_CXX_LANGUAGE_STANDARD = "gnu++0x";
				CLANG_CXX_LIBRARY = "libc++";
				CLANG_ENABLE_MODULES = YES;
				CLANG_ENABLE_OBJC_ARC = YES;
				CLANG_WARN_BLOCK_CAPTURE_AUTORELEASING = YES;
				CLANG_WARN_BOOL_CONVERSION = YES;
				CLANG_WARN_COMMA = YES;
				CLANG_WARN_CONSTANT_CONVERSION = YES;
				CLANG_WARN_DEPRECATED_OBJC_IMPLEMENTATIONS = YES;
				CLANG_WARN_DIRECT_OBJC_ISA_USAGE = YES_ERROR;
				CLANG_WARN_EMPTY_BODY = YES;
				CLANG_WARN_ENUM_CONVERSION = YES;
				CLANG_WARN_INFINITE_RECURSION = YES;
				CLANG_WARN_INT_CONVERSION = YES;
				CLANG_WARN_NON_LITERAL_NULL_CONVERSION = YES;
				CLANG_WARN_OBJC_IMPLICIT_RETAIN_SELF = YES;
				CLANG_WARN_OBJC_LITERAL_CONVERSION = YES;
				CLANG_WARN_OBJC_ROOT_CLASS = YES_ERROR;
				CLANG_WARN_RANGE_LOOP_ANALYSIS = YES;
				CLANG_WARN_STRICT_PROTOTYPES = YES;
				CLANG_WARN_SUSPICIOUS_MOVE = YES;
				CLANG_WARN_UNREACHABLE_CODE = YES;
				CLANG_WARN__DUPLICATE_METHOD_MATCH = YES;
				"CODE_SIGN_IDENTITY[sdk=iphoneos*]" = "iPhone Developer";
				COPY_PHASE_STRIP = YES;
				ENABLE_NS_ASSERTIONS = NO;
				ENABLE_STRICT_OBJC_MSGSEND = YES;
				GCC_C_LANGUAGE_STANDARD = gnu99;
				GCC_NO_COMMON_BLOCKS = YES;
				GCC_WARN_64_TO_32_BIT_CONVERSION = YES;
				GCC_WARN_ABOUT_RETURN_TYPE = YES_ERROR;
				GCC_WARN_UNDECLARED_SELECTOR = YES;
				GCC_WARN_UNINITIALIZED_AUTOS = YES_AGGRESSIVE;
				GCC_WARN_UNUSED_FUNCTION = YES;
				GCC_WARN_UNUSED_VARIABLE = YES;
				IPHONEOS_DEPLOYMENT_TARGET = 8.0;
				METAL_ENABLE_DEBUG_INFO = NO;
				SDKROOT = iphoneos;
				SWIFT_COMPILATION_MODE = wholemodule;
				VALIDATE_PRODUCT = YES;
			};
			name = Release;
		};
		033EB989193EA367006704FA /* Debug */ = {
			isa = XCBuildConfiguration;
			buildSettings = {
				ASSETCATALOG_COMPILER_APPICON_NAME = AppIcon;
				DEVELOPMENT_TEAM = 76AP3T3TSD;
				INFOPLIST_FILE = SwiftFonts/Info.plist;
				IPHONEOS_DEPLOYMENT_TARGET = 8.0;
				LD_RUNPATH_SEARCH_PATHS = "$(inherited) @executable_path/Frameworks";
				PRODUCT_BUNDLE_IDENTIFIER = mn.test;
				PRODUCT_NAME = "$(TARGET_NAME)";
				SWIFT_VERSION = 5.0;
				TARGETED_DEVICE_FAMILY = "1,2";
			};
			name = Debug;
		};
		033EB98A193EA367006704FA /* Release */ = {
			isa = XCBuildConfiguration;
			buildSettings = {
				ASSETCATALOG_COMPILER_APPICON_NAME = AppIcon;
				DEVELOPMENT_TEAM = 76AP3T3TSD;
				INFOPLIST_FILE = SwiftFonts/Info.plist;
				IPHONEOS_DEPLOYMENT_TARGET = 8.0;
				LD_RUNPATH_SEARCH_PATHS = "$(inherited) @executable_path/Frameworks";
				PRODUCT_BUNDLE_IDENTIFIER = mn.test;
				PRODUCT_NAME = "$(TARGET_NAME)";
				SWIFT_VERSION = 5.0;
				TARGETED_DEVICE_FAMILY = "1,2";
			};
			name = Release;
		};
		033EB98C193EA367006704FA /* Debug */ = {
			isa = XCBuildConfiguration;
			buildSettings = {
				BUNDLE_LOADER = "$(BUILT_PRODUCTS_DIR)/SwiftFonts.app/SwiftFonts";
				FRAMEWORK_SEARCH_PATHS = (
					"$(SDKROOT)/Developer/Library/Frameworks",
					"$(inherited)",
				);
				GCC_PREPROCESSOR_DEFINITIONS = (
					"DEBUG=1",
					"$(inherited)",
				);
				INFOPLIST_FILE = SwiftFontsTests/Info.plist;
				LD_RUNPATH_SEARCH_PATHS = "$(inherited) @executable_path/Frameworks @loader_path/Frameworks";
				METAL_ENABLE_DEBUG_INFO = YES;
				PRODUCT_BUNDLE_IDENTIFIER = "com.roadfiresoftware.${PRODUCT_NAME:rfc1034identifier}";
				PRODUCT_NAME = "$(TARGET_NAME)";
				SWIFT_VERSION = 5.0;
				TEST_HOST = "$(BUNDLE_LOADER)";
			};
			name = Debug;
		};
		033EB98D193EA367006704FA /* Release */ = {
			isa = XCBuildConfiguration;
			buildSettings = {
				BUNDLE_LOADER = "$(BUILT_PRODUCTS_DIR)/SwiftFonts.app/SwiftFonts";
				FRAMEWORK_SEARCH_PATHS = (
					"$(SDKROOT)/Developer/Library/Frameworks",
					"$(inherited)",
				);
				INFOPLIST_FILE = SwiftFontsTests/Info.plist;
				LD_RUNPATH_SEARCH_PATHS = "$(inherited) @executable_path/Frameworks @loader_path/Frameworks";
				METAL_ENABLE_DEBUG_INFO = NO;
				PRODUCT_BUNDLE_IDENTIFIER = "com.roadfiresoftware.${PRODUCT_NAME:rfc1034identifier}";
				PRODUCT_NAME = "$(TARGET_NAME)";
				SWIFT_VERSION = 5.0;
				TEST_HOST = "$(BUNDLE_LOADER)";
			};
			name = Release;
		};
/* End XCBuildConfiguration section */

/* Begin XCConfigurationList section */
		033EB967193EA367006704FA /* Build configuration list for PBXProject "SwiftFonts" */ = {
			isa = XCConfigurationList;
			buildConfigurations = (
				033EB986193EA367006704FA /* Debug */,
				033EB987193EA367006704FA /* Release */,
			);
			defaultConfigurationIsVisible = 0;
			defaultConfigurationName = Release;
		};
		033EB988193EA367006704FA /* Build configuration list for PBXNativeTarget "SwiftFonts" */ = {
			isa = XCConfigurationList;
			buildConfigurations = (
				033EB989193EA367006704FA /* Debug */,
				033EB98A193EA367006704FA /* Release */,
			);
			defaultConfigurationIsVisible = 0;
			defaultConfigurationName = Release;
		};
		033EB98B193EA367006704FA /* Build configuration list for PBXNativeTarget "SwiftFontsTests" */ = {
			isa = XCConfigurationList;
			buildConfigurations = (
				033EB98C193EA367006704FA /* Debug */,
				033EB98D193EA367006704FA /* Release */,
			);
			defaultConfigurationIsVisible = 0;
			defaultConfigurationName = Release;
		};
/* End XCConfigurationList section */
	};
	rootObject = 033EB964193EA367006704FA /* Project object */;
}
